{
    "version": 3,
    "terraform_version": "0.11.10",
    "serial": 7,
    "lineage": "7efa6d60-ec1b-fc15-9829-c1b6da041360",
    "modules": [
        {
            "path": [
                "root"
            ],
            "outputs": {
                "ip": {
                    "sensitive": false,
                    "type": "string",
                    "value": "35.223.46.51"
                }
            },
            "resources": {
                "google_compute_firewall.default": {
                    "type": "google_compute_firewall",
                    "depends_on": [],
                    "primary": {
                        "id": "nginx-firewall",
                        "attributes": {
                            "allow.#": "2",
                            "allow.1250112605.ports.#": "2",
                            "allow.1250112605.ports.0": "80",
                            "allow.1250112605.ports.1": "443",
                            "allow.1250112605.protocol": "tcp",
                            "allow.1367131964.ports.#": "0",
                            "allow.1367131964.protocol": "icmp",
                            "creation_timestamp": "2020-09-27T22:30:52.394-07:00",
                            "deny.#": "0",
                            "description": "",
                            "destination_ranges.#": "0",
                            "direction": "INGRESS",
                            "disabled": "false",
                            "id": "nginx-firewall",
                            "name": "nginx-firewall",
                            "network": "https://www.googleapis.com/compute/v1/projects/snappy-catcher-266604/global/networks/default",
                            "priority": "1000",
                            "project": "snappy-catcher-266604",
                            "self_link": "https://www.googleapis.com/compute/v1/projects/snappy-catcher-266604/global/firewalls/nginx-firewall",
                            "source_ranges.#": "1",
                            "source_ranges.1080289494": "0.0.0.0/0",
                            "source_service_accounts.#": "0",
                            "source_tags.#": "0",
                            "target_service_accounts.#": "0",
                            "target_tags.#": "0"
                        },
                        "meta": {
                            "e2bfb730-ecaa-11e6-8f88-34363bc7c4c0": {
                                "create": 240000000000,
                                "delete": 240000000000,
                                "update": 240000000000
                            },
                            "schema_version": "1"
                        },
                        "tainted": false
                    },
                    "deposed": [],
                    "provider": "provider.google"
                },
                "google_compute_instance.web": {
                    "type": "google_compute_instance",
                    "depends_on": [
                        "random_id.instance_id"
                    ],
                    "primary": {
                        "id": "web-vm-f089185c71cb76b6",
                        "attributes": {
                            "attached_disk.#": "0",
                            "boot_disk.#": "1",
                            "boot_disk.0.auto_delete": "true",
                            "boot_disk.0.device_name": "persistent-disk-0",
                            "boot_disk.0.disk_encryption_key_raw": "",
                            "boot_disk.0.disk_encryption_key_sha256": "",
                            "boot_disk.0.initialize_params.#": "1",
                            "boot_disk.0.initialize_params.0.image": "https://www.googleapis.com/compute/v1/projects/ubuntu-os-cloud/global/images/ubuntu-1804-bionic-v20200923",
                            "boot_disk.0.initialize_params.0.labels.%": "0",
                            "boot_disk.0.initialize_params.0.size": "10",
                            "boot_disk.0.initialize_params.0.type": "pd-standard",
                            "boot_disk.0.kms_key_self_link": "",
                            "boot_disk.0.mode": "READ_WRITE",
                            "boot_disk.0.source": "https://www.googleapis.com/compute/v1/projects/snappy-catcher-266604/zones/us-central1-a/disks/web-vm-f089185c71cb76b6",
                            "can_ip_forward": "false",
                            "cpu_platform": "Intel Haswell",
                            "deletion_protection": "false",
                            "description": "",
                            "enable_display": "false",
                            "guest_accelerator.#": "0",
                            "hostname": "",
                            "id": "web-vm-f089185c71cb76b6",
                            "instance_id": "3375819248585460706",
                            "label_fingerprint": "42WmSpB8rSM=",
                            "labels.%": "0",
                            "machine_type": "f1-micro",
                            "metadata.%": "1",
                            "metadata.sshKeys": "dlg:ssh-rsa AAAAB3NzaC1yc2EAAAADAQABAAABgQCm9VJcAFyNU/blb8oE3S7RrHuzyoYg2ZfhmLEq+TcLiCyX93K9y0HCHZVnheCPIScutY9CxYaz/d6B+MBEKwMZnx+4LGknS7/Gx8LnST7OJLvC0KyD0MZQM2qqZr7715xB5g1410S4SJVUcJB8ixG6WUjVpWcMXqBaS1+rT/N+LPBcK9GiIVAn39rMwEyM3eV1s+bW4uFq1Uyz0WMCvoll03LlqcQTJ/uz8xUXfpkQ+d/TVt6saUpfVCEoXssG/znEjvNi4fzp5LIYTOhZd2Z/qmrdyLXpP/A+9PCCpPDc8VTJOSW5x4bU2lXIsoZ2wLCZABxLmgd86vqJ3z2Def7gi1HyD4Bia7CV/qppqz2MDWCr2tr4VQO54TlNn8kLPxYLli5nAD+xCUYtU+DY09oB0ge8n9ubn9UcigZWknCn1vT/wKckFypBLvr9t4T573VQPe9MnEOo3VC1VW/RX0ob2X1BrDRpsikwBwGzyOMtt5RkFyh7z7GkHZ7q2K7WgG8= dlg@evoo\n",
                            "metadata_fingerprint": "dhzpbMcnvB0=",
                            "metadata_startup_script": "#! /bin/bash\n\n# Variables\n#NGINX_AVAILABLE_VHOSTS='/etc/nginx/sites-available'\n#NGINX_ENABLED_VHOSTS='/etc/nginx/sites-enabled'\nNGINX_SERVER_BLOCK='/etc/nginx/nginx.conf'\nWEB_DIR='/var/www'\nWEB_USER='www-data'\nUSER='dlg'\nNGINX_SCHEME='$scheme'\nNGINX_REQUEST_URI='$request_uri'\n\nsudo apt-get -y update\nwait 2\nsudo apt-get -y install nginx apt-transport-https ca-certificates curl software-properties-common\ncurl -fsSL https://download.docker.com/linux/ubuntu/gpg | sudo apt-key add -\nsudo add-apt-repository \"deb [arch=amd64] https://download.docker.com/linux/ubuntu bionic stable\"\nwait 2\nsudo apt-get -y update\nwait 2\nsudo apt install docker-ce -y\nwait 2\nsudo curl -L https://github.com/docker/compose/releases/download/1.21.2/docker-compose-`uname -s`-`uname -m` -o /usr/local/bin/docker-compose\nsudo chmod +x /usr/local/bin/docker-compose\nwait 2\ncat \u003edocker-compose.yml \u003c\u003cEOF\nversion: '2'\nservices:\n  httpbin:\n    image: \"kennethreitz/httpbin\"\n    ports:\n      - \"8000:80\"\nEOF\nsudo cp -ia $NGINX_SERVER_BLOCK{,.orig}\nwait 1\nsudo cat \u003etemp \u003c\u003cEOF\nuser www-data;\nworker_processes auto;\npid /run/nginx.pid;\ninclude /etc/nginx/modules-enabled/*.conf;\n\nevents {\n        worker_connections 768;\n        # multi_accept on;\n}\n\nhttp {\n\n        ##\n        # Basic Settings\n        ##\n\n        sendfile on;\n        tcp_nopush on;\n        tcp_nodelay on;\n        keepalive_timeout 65;\n        types_hash_max_size 2048;\n        # server_tokens off;\n\n        # server_names_hash_bucket_size 64;\n        # server_name_in_redirect off;\n\n        include /etc/nginx/mime.types;\n        default_type application/octet-stream;\n\n        ##\n        # SSL Settings\n        ##\n\n        ssl_protocols TLSv1 TLSv1.1 TLSv1.2; # Dropping SSLv3, ref: POODLE\n        ssl_prefer_server_ciphers on;\n\n        ##\n        # Logging Settings\n        ##\n\n        access_log /var/log/nginx/access.log;\n        error_log /var/log/nginx/error.log;\n\n        ##\n        # Gzip Settings\n        ##\n\n        gzip on;\n\n        # gzip_vary on;\n        # gzip_proxied any;\n        # gzip_comp_level 6;\n        # gzip_buffers 16 8k;\n        # gzip_http_version 1.1;\n        # gzip_types text/plain text/css application/json application/javascript text/xml application/xml application/xml+rss text/javascript;\n\n        ##\n        # Virtual Host Configs\n        ##\n\tserver {\n\t    listen       80;\n\t    server_name  _;\n\t    location / {\n\t        proxy_pass http://127.0.0.1:8000;\n\t        index  index.html index.htm;\n\t    }\n\t    error_page   500 502 503 504  /50x.html;\n\t    location = /50x.html {\n\t        root   /usr/share/nginx/html;\n\t    }\n\t}\n}\nEOF\nwait 1\nsudo mv temp $NGINX_SERVER_BLOCK\nwait 1\nrm temp\n\n\n\n\n\n\n\n",
                            "min_cpu_platform": "",
                            "name": "web-vm-f089185c71cb76b6",
                            "network_interface.#": "1",
                            "network_interface.0.access_config.#": "1",
                            "network_interface.0.access_config.0.assigned_nat_ip": "",
                            "network_interface.0.access_config.0.nat_ip": "35.223.46.51",
                            "network_interface.0.access_config.0.network_tier": "PREMIUM",
                            "network_interface.0.access_config.0.public_ptr_domain_name": "",
                            "network_interface.0.address": "",
                            "network_interface.0.alias_ip_range.#": "0",
                            "network_interface.0.name": "nic0",
                            "network_interface.0.network": "https://www.googleapis.com/compute/v1/projects/snappy-catcher-266604/global/networks/default",
                            "network_interface.0.network_ip": "10.128.0.5",
                            "network_interface.0.subnetwork": "https://www.googleapis.com/compute/v1/projects/snappy-catcher-266604/regions/us-central1/subnetworks/default",
                            "network_interface.0.subnetwork_project": "snappy-catcher-266604",
                            "project": "snappy-catcher-266604",
                            "scheduling.#": "1",
                            "scheduling.0.automatic_restart": "true",
                            "scheduling.0.node_affinities.#": "0",
                            "scheduling.0.on_host_maintenance": "MIGRATE",
                            "scheduling.0.preemptible": "false",
                            "scratch_disk.#": "0",
                            "self_link": "https://www.googleapis.com/compute/v1/projects/snappy-catcher-266604/zones/us-central1-a/instances/web-vm-f089185c71cb76b6",
                            "service_account.#": "0",
                            "shielded_instance_config.#": "1",
                            "shielded_instance_config.0.enable_integrity_monitoring": "true",
                            "shielded_instance_config.0.enable_secure_boot": "false",
                            "shielded_instance_config.0.enable_vtpm": "true",
                            "tags.#": "0",
                            "tags_fingerprint": "42WmSpB8rSM=",
                            "zone": "us-central1-a"
                        },
                        "meta": {
                            "e2bfb730-ecaa-11e6-8f88-34363bc7c4c0": {
                                "create": 1200000000000,
                                "delete": 1200000000000,
                                "update": 1200000000000
                            },
                            "schema_version": "6"
                        },
                        "tainted": false
                    },
                    "deposed": [],
                    "provider": "provider.google"
                },
                "random_id.instance_id": {
                    "type": "random_id",
                    "depends_on": [],
                    "primary": {
                        "id": "8IkYXHHLdrY",
                        "attributes": {
                            "b64": "8IkYXHHLdrY",
                            "b64_std": "8IkYXHHLdrY=",
                            "b64_url": "8IkYXHHLdrY",
                            "byte_length": "8",
                            "dec": "17332411426237281974",
                            "hex": "f089185c71cb76b6",
                            "id": "8IkYXHHLdrY"
                        },
                        "meta": {},
                        "tainted": false
                    },
                    "deposed": [],
                    "provider": "provider.random"
                }
            },
            "depends_on": []
        }
    ]
}
